
Microsoft Visual Studio Solution File, Format Version 12.00
# Visual Studio Version 17
VisualStudioVersion = 17.7.34018.315
MinimumVisualStudioVersion = 10.0.40219.1
Project("{FAE04EC0-301F-11D3-BF4B-00C04F79EFBC}") = "ConsoleApp1", "ConsoleApp1.csproj", "{9EE23D57-4DCF-4878-B3F2-67BEBB808BC1}"
EndProject
Global
	GlobalSection(SolutionConfigurationPlatforms) = preSolution
		Debug|Any CPU = Debug|Any CPU
		Release|Any CPU = Release|Any CPU
	EndGlobalSection
	GlobalSection(ProjectConfigurationPlatforms) = postSolution
		{9EE23D57-4DCF-4878-B3F2-67BEBB808BC1}.Debug|Any CPU.ActiveCfg = Debug|Any CPU
		{9EE23D57-4DCF-4878-B3F2-67BEBB808BC1}.Debug|Any CPU.Build.0 = Debug|Any CPU
		{9EE23D57-4DCF-4878-B3F2-67BEBB808BC1}.Release|Any CPU.ActiveCfg = Release|Any CPU
		{9EE23D57-4DCF-4878-B3F2-67BEBB808BC1}.Release|Any CPU.Build.0 = Release|Any CPU
	EndGlobalSection
	GlobalSection(SolutionProperties) = preSolution
		HideSolutionNode = FALSE
	EndGlobalSection
	GlobalSection(ExtensibilityGlobals) = postSolution
		SolutionGuid = {8E274068-3FF2-4015-9151-5B8FF7BC9DC0}
	EndGlobalSection
EndGlobal
